
Microsoft Visual Studio Solution File, Format Version 12.00
# Visual Studio Version 17
VisualStudioVersion = 17.4.33110.190
MinimumVisualStudioVersion = 10.0.40219.1
Project("{9A19103F-16F7-4668-BE54-9A1E7A4F7556}") = "WebApp", "WebApp\WebApp.csproj", "{AC76D827-0F9F-4BFB-A150-9CE4C7C51412}"
EndProject
Project("{FAE04EC0-301F-11D3-BF4B-00C04F79EFBC}") = "WebAppUnitTests", "WebAppUnitTests\WebAppUnitTests.csproj", "{63D5D45E-090C-4C91-BC88-77A2422AE31A}"
EndProject
Global
	GlobalSection(SolutionConfigurationPlatforms) = preSolution
		Debug|Any CPU = Debug|Any CPU
		Release|Any CPU = Release|Any CPU
	EndGlobalSection
	GlobalSection(ProjectConfigurationPlatforms) = postSolution
		{AC76D827-0F9F-4BFB-A150-9CE4C7C51412}.Debug|Any CPU.ActiveCfg = Debug|Any CPU
		{AC76D827-0F9F-4BFB-A150-9CE4C7C51412}.Debug|Any CPU.Build.0 = Debug|Any CPU
		{AC76D827-0F9F-4BFB-A150-9CE4C7C51412}.Release|Any CPU.ActiveCfg = Release|Any CPU
		{AC76D827-0F9F-4BFB-A150-9CE4C7C51412}.Release|Any CPU.Build.0 = Release|Any CPU
		{63D5D45E-090C-4C91-BC88-77A2422AE31A}.Debug|Any CPU.ActiveCfg = Debug|Any CPU
		{63D5D45E-090C-4C91-BC88-77A2422AE31A}.Debug|Any CPU.Build.0 = Debug|Any CPU
		{63D5D45E-090C-4C91-BC88-77A2422AE31A}.Release|Any CPU.ActiveCfg = Release|Any CPU
		{63D5D45E-090C-4C91-BC88-77A2422AE31A}.Release|Any CPU.Build.0 = Release|Any CPU
	EndGlobalSection
	GlobalSection(SolutionProperties) = preSolution
		HideSolutionNode = FALSE
	EndGlobalSection
	GlobalSection(ExtensibilityGlobals) = postSolution
		SolutionGuid = {B8841088-4477-4122-8FEF-FAD12EA54539}
	EndGlobalSection
EndGlobal
